// !$*UTF8*$!
{
	archiveVersion = 1;
	classes = {
	};
	objectVersion = 50;
	objects = {

/* Begin PBXBuildFile section */
		BDA7AA4520D62C18001AFD63 /* RnnModuleSampleView.m in Sources */ = {isa = PBXBuildFile; fileRef = BDA7AA4420D62C18001AFD63 /* RnnModuleSampleView.m */; };
		BDCD0D0620D41FE500038D8C /* RnnModuleSample.m in Sources */ = {isa = PBXBuildFile; fileRef = BDCD0D0520D41FE500038D8C /* RnnModuleSample.m */; };
		BDCD0D0720D41FE500038D8C /* RnnModuleSample.h in CopyFiles */ = {isa = PBXBuildFile; fileRef = BDCD0D0420D41FE500038D8C /* RnnModuleSample.h */; };
/* End PBXBuildFile section */

/* Begin PBXCopyFilesBuildPhase section */
		BDCD0CFF20D41FE500038D8C /* CopyFiles */ = {
			isa = PBXCopyFilesBuildPhase;
			buildActionMask = 2147483647;
			dstPath = "include/$(PRODUCT_NAME)";
			dstSubfolderSpec = 16;
			files = (
				BDCD0D0720D41FE500038D8C /* RnnModuleSample.h in CopyFiles */,
			);
			runOnlyForDeploymentPostprocessing = 0;
		};
/* End PBXCopyFilesBuildPhase section */

/* Begin PBXFileReference section */
		BDA7AA4420D62C18001AFD63 /* RnnModuleSampleView.m */ = {isa = PBXFileReference; lastKnownFileType = sourcecode.c.objc; path = RnnModuleSampleView.m; sourceTree = "<group>"; };
		BDCD0D0120D41FE500038D8C /* libRnnModuleSample.a */ = {isa = PBXFileReference; explicitFileType = archive.ar; includeInIndex = 0; path = libRnnModuleSample.a; sourceTree = BUILT_PRODUCTS_DIR; };
		BDCD0D0420D41FE500038D8C /* RnnModuleSample.h */ = {isa = PBXFileReference; lastKnownFileType = sourcecode.c.h; path = RnnModuleSample.h; sourceTree = "<group>"; };
		BDCD0D0520D41FE500038D8C /* RnnModuleSample.m */ = {isa = PBXFileReference; lastKnownFileType = sourcecode.c.objc; path = RnnModuleSample.m; sourceTree = "<group>"; };
/* End PBXFileReference section */

/* Begin PBXFrameworksBuildPhase section */
		BDCD0CFE20D41FE500038D8C /* Frameworks */ = {
			isa = PBXFrameworksBuildPhase;
			buildActionMask = 2147483647;
			files = (
			);
			runOnlyForDeploymentPostprocessing = 0;
		};
/* End PBXFrameworksBuildPhase section */

/* Begin PBXGroup section */
		BDCD0CF820D41FE500038D8C = {
			isa = PBXGroup;
			children = (
				BDCD0D0320D41FE500038D8C /* RnnModuleSample */,
				BDCD0D0220D41FE500038D8C /* Products */,
			);
			sourceTree = "<group>";
		};
		BDCD0D0220D41FE500038D8C /* Products */ = {
			isa = PBXGroup;
			children = (
				BDCD0D0120D41FE500038D8C /* libRnnModuleSample.a */,
			);
			name = Products;
			sourceTree = "<group>";
		};
		BDCD0D0320D41FE500038D8C /* RnnModuleSample */ = {
			isa = PBXGroup;
			children = (
				BDCD0D0420D41FE500038D8C /* RnnModuleSample.h */,
				BDCD0D0520D41FE500038D8C /* RnnModuleSample.m */,
				BDA7AA4420D62C18001AFD63 /* RnnModuleSampleView.m */,
			);
			path = RnnModuleSample;
			sourceTree = "<group>";
		};
/* End PBXGroup section */

/* Begin PBXNativeTarget section */
		BDCD0D0020D41FE500038D8C /* RnnModuleSample */ = {
			isa = PBXNativeTarget;
			buildConfigurationList = BDCD0D0A20D41FE500038D8C /* Build configuration list for PBXNativeTarget "RnnModuleSample" */;
			buildPhases = (
				BDCD0CFD20D41FE500038D8C /* Sources */,
				BDCD0CFE20D41FE500038D8C /* Frameworks */,
				BDCD0CFF20D41FE500038D8C /* CopyFiles */,
			);
			buildRules = (
			);
			dependencies = (
			);
			name = RnnModuleSample;
			productName = RnnModuleSample;
			productReference = BDCD0D0120D41FE500038D8C /* libRnnModuleSample.a */;
			productType = "com.apple.product-type.library.static";
		};
/* End PBXNativeTarget section */

/* Begin PBXProject section */
		BDCD0CF920D41FE500038D8C /* Project object */ = {
			isa = PBXProject;
			attributes = {
				LastUpgradeCheck = 0940;
				ORGANIZATIONNAME = "KyeJune Hong";
				TargetAttributes = {
					BDCD0D0020D41FE500038D8C = {
						CreatedOnToolsVersion = 9.4;
					};
				};
			};
			buildConfigurationList = BDCD0CFC20D41FE500038D8C /* Build configuration list for PBXProject "RnnModuleSample" */;
			compatibilityVersion = "Xcode 9.3";
			developmentRegion = en;
			hasScannedForEncodings = 0;
			knownRegions = (
				en,
			);
			mainGroup = BDCD0CF820D41FE500038D8C;
			productRefGroup = BDCD0D0220D41FE500038D8C /* Products */;
			projectDirPath = "";
			projectRoot = "";
			targets = (
				BDCD0D0020D41FE500038D8C /* RnnModuleSample */,
			);
		};
/* End PBXProject section */

/* Begin PBXSourcesBuildPhase section */
		BDCD0CFD20D41FE500038D8C /* Sources */ = {
			isa = PBXSourcesBuildPhase;
			buildActionMask = 2147483647;
			files = (
				BDCD0D0620D41FE500038D8C /* RnnModuleSample.m in Sources */,
				BDA7AA4520D62C18001AFD63 /* RnnModuleSampleView.m in Sources */,
			);
			runOnlyForDeploymentPostprocessing = 0;
		};
/* End PBXSourcesBuildPhase section */

/* Begin XCBuildConfiguration section */
		BDCD0D0820D41FE500038D8C /* Debug */ = {
			isa = XCBuildConfiguration;
			buildSettings = {
				ALWAYS_SEARCH_USER_PATHS = NO;
				CLANG_ANALYZER_NONNULL = YES;
				CLANG_ANALYZER_NUMBER_OBJECT_CONVERSION = YES_AGGRESSIVE;
				CLANG_CXX_LANGUAGE_STANDARD = "gnu++14";
				CLANG_CXX_LIBRARY = "libc++";
				CLANG_ENABLE_MODULES = YES;
				CLANG_ENABLE_OBJC_ARC = YES;
				CLANG_ENABLE_OBJC_WEAK = YES;
				CLANG_WARN_BLOCK_CAPTURE_AUTORELEASING = YES;
				CLANG_WARN_BOOL_CONVERSION = YES;
				CLANG_WARN_COMMA = YES;
				CLANG_WARN_CONSTANT_CONVERSION = YES;
				CLANG_WARN_DEPRECATED_OBJC_IMPLEMENTATIONS = YES;
				CLANG_WARN_DIRECT_OBJC_ISA_USAGE = YES_ERROR;
				CLANG_WARN_DOCUMENTATION_COMMENTS = YES;
				CLANG_WARN_EMPTY_BODY = YES;
				CLANG_WARN_ENUM_CONVERSION = YES;
				CLANG_WARN_INFINITE_RECURSION = YES;
				CLANG_WARN_INT_CONVERSION = YES;
				CLANG_WARN_NON_LITERAL_NULL_CONVERSION = YES;
				CLANG_WARN_OBJC_IMPLICIT_RETAIN_SELF = YES;
				CLANG_WARN_OBJC_LITERAL_CONVERSION = YES;
				CLANG_WARN_OBJC_ROOT_CLASS = YES_ERROR;
				CLANG_WARN_RANGE_LOOP_ANALYSIS = YES;
				CLANG_WARN_STRICT_PROTOTYPES = YES;
				CLANG_WARN_SUSPICIOUS_MOVE = YES;
				CLANG_WARN_UNGUARDED_AVAILABILITY = YES_AGGRESSIVE;
				CLANG_WARN_UNREACHABLE_CODE = YES;
				CLANG_WARN__DUPLICATE_METHOD_MATCH = YES;
				CODE_SIGN_IDENTITY = "iPhone Developer";
				COPY_PHASE_STRIP = NO;
				DEBUG_INFORMATION_FORMAT = dwarf;
				ENABLE_STRICT_OBJC_MSGSEND = YES;
				ENABLE_TESTABILITY = YES;
				GCC_C_LANGUAGE_STANDARD = gnu11;
				GCC_DYNAMIC_NO_PIC = NO;
				GCC_NO_COMMON_BLOCKS = YES;
				GCC_OPTIMIZATION_LEVEL = 0;
				GCC_PREPROCESSOR_DEFINITIONS = (
					"DEBUG=1",
					"$(inherited)",
				);
				GCC_WARN_64_TO_32_BIT_CONVERSION = YES;
				GCC_WARN_ABOUT_RETURN_TYPE = YES_ERROR;
				GCC_WARN_UNDECLARED_SELECTOR = YES;
				GCC_WARN_UNINITIALIZED_AUTOS = YES_AGGRESSIVE;
				GCC_WARN_UNUSED_FUNCTION = YES;
				GCC_WARN_UNUSED_VARIABLE = YES;
				IPHONEOS_DEPLOYMENT_TARGET = 11.4;
				MTL_ENABLE_DEBUG_INFO = YES;
				ONLY_ACTIVE_ARCH = YES;
				SDKROOT = iphoneos;
			};
			name = Debug;
		};
		BDCD0D0920D41FE500038D8C /* Release */ = {
			isa = XCBuildConfiguration;
			buildSettings = {
				ALWAYS_SEARCH_USER_PATHS = NO;
				CLANG_ANALYZER_NONNULL = YES;
				CLANG_ANALYZER_NUMBER_OBJECT_CONVERSION = YES_AGGRESSIVE;
				CLANG_CXX_LANGUAGE_STANDARD = "gnu++14";
				CLANG_CXX_LIBRARY = "libc++";
				CLANG_ENABLE_MODULES = YES;
				CLANG_ENABLE_OBJC_ARC = YES;
				CLANG_ENABLE_OBJC_WEAK = YES;
				CLANG_WARN_BLOCK_CAPTURE_AUTORELEASING = YES;
				CLANG_WARN_BOOL_CONVERSION = YES;
				CLANG_WARN_COMMA = YES;
				CLANG_WARN_CONSTANT_CONVERSION = YES;
				CLANG_WARN_DEPRECATED_OBJC_IMPLEMENTATIONS = YES;
				CLANG_WARN_DIRECT_OBJC_ISA_USAGE = YES_ERROR;
				CLANG_WARN_DOCUMENTATION_COMMENTS = YES;
				CLANG_WARN_EMPTY_BODY = YES;
				CLANG_WARN_ENUM_CONVERSION = YES;
				CLANG_WARN_INFINITE_RECURSION = YES;
				CLANG_WARN_INT_CONVERSION = YES;
				CLANG_WARN_NON_LITERAL_NULL_CONVERSION = YES;
				CLANG_WARN_OBJC_IMPLICIT_RETAIN_SELF = YES;
				CLANG_WARN_OBJC_LITERAL_CONVERSION = YES;
				CLANG_WARN_OBJC_ROOT_CLASS = YES_ERROR;
				CLANG_WARN_RANGE_LOOP_ANALYSIS = YES;
				CLANG_WARN_STRICT_PROTOTYPES = YES;
				CLANG_WARN_SUSPICIOUS_MOVE = YES;
				CLANG_WARN_UNGUARDED_AVAILABILITY = YES_AGGRESSIVE;
				CLANG_WARN_UNREACHABLE_CODE = YES;
				CLANG_WARN__DUPLICATE_METHOD_MATCH = YES;
				CODE_SIGN_IDENTITY = "iPhone Developer";
				COPY_PHASE_STRIP = NO;
				DEBUG_INFORMATION_FORMAT = "dwarf-with-dsym";
				ENABLE_NS_ASSERTIONS = NO;
				ENABLE_STRICT_OBJC_MSGSEND = YES;
				GCC_C_LANGUAGE_STANDARD = gnu11;
				GCC_NO_COMMON_BLOCKS = YES;
				GCC_WARN_64_TO_32_BIT_CONVERSION = YES;
				GCC_WARN_ABOUT_RETURN_TYPE = YES_ERROR;
				GCC_WARN_UNDECLARED_SELECTOR = YES;
				GCC_WARN_UNINITIALIZED_AUTOS = YES_AGGRESSIVE;
				GCC_WARN_UNUSED_FUNCTION = YES;
				GCC_WARN_UNUSED_VARIABLE = YES;
				IPHONEOS_DEPLOYMENT_TARGET = 11.4;
				MTL_ENABLE_DEBUG_INFO = NO;
				SDKROOT = iphoneos;
				VALIDATE_PRODUCT = YES;
			};
			name = Release;
		};
		BDCD0D0B20D41FE500038D8C /* Debug */ = {
			isa = XCBuildConfiguration;
			buildSettings = {
				CODE_SIGN_STYLE = Automatic;
				DEVELOPMENT_TEAM = 94J8HLG9ED;
				OTHER_LDFLAGS = "-ObjC";
				PRODUCT_NAME = "$(TARGET_NAME)";
				SKIP_INSTALL = YES;
				TARGETED_DEVICE_FAMILY = "1,2";
			};
			name = Debug;
		};
		BDCD0D0C20D41FE500038D8C /* Release */ = {
			isa = XCBuildConfiguration;
			buildSettings = {
				CODE_SIGN_STYLE = Automatic;
				DEVELOPMENT_TEAM = 94J8HLG9ED;
				OTHER_LDFLAGS = "-ObjC";
				PRODUCT_NAME = "$(TARGET_NAME)";
				SKIP_INSTALL = YES;
				TARGETED_DEVICE_FAMILY = "1,2";
			};
			name = Release;
		};
/* End XCBuildConfiguration section */

/* Begin XCConfigurationList section */
		BDCD0CFC20D41FE500038D8C /* Build configuration list for PBXProject "RnnModuleSample" */ = {
			isa = XCConfigurationList;
			buildConfigurations = (
				BDCD0D0820D41FE500038D8C /* Debug */,
				BDCD0D0920D41FE500038D8C /* Release */,
			);
			defaultConfigurationIsVisible = 0;
			defaultConfigurationName = Release;
		};
		BDCD0D0A20D41FE500038D8C /* Build configuration list for PBXNativeTarget "RnnModuleSample" */ = {
			isa = XCConfigurationList;
			buildConfigurations = (
				BDCD0D0B20D41FE500038D8C /* Debug */,
				BDCD0D0C20D41FE500038D8C /* Release */,
			);
			defaultConfigurationIsVisible = 0;
			defaultConfigurationName = Release;
		};
/* End XCConfigurationList section */
	};
	rootObject = BDCD0CF920D41FE500038D8C /* Project object */;
}
